// !$*UTF8*$!
{
	archiveVersion = 1;
	classes = {
	};
	objectVersion = 50;
	objects = {

/* Begin PBXBuildFile section */
		5CAD1EF921F02BB10081F17A /* AppDelegate.m in Sources */ = {isa = PBXBuildFile; fileRef = 5CAD1EF821F02BB10081F17A /* AppDelegate.m */; };
		5CAD1EFC21F02BB10081F17A /* ViewController.m in Sources */ = {isa = PBXBuildFile; fileRef = 5CAD1EFB21F02BB10081F17A /* ViewController.m */; };
		5CAD1EFF21F02BB10081F17A /* Main.storyboard in Resources */ = {isa = PBXBuildFile; fileRef = 5CAD1EFD21F02BB10081F17A /* Main.storyboard */; };
		5CAD1F0121F02BB10081F17A /* Assets.xcassets in Resources */ = {isa = PBXBuildFile; fileRef = 5CAD1F0021F02BB10081F17A /* Assets.xcassets */; };
		5CAD1F0421F02BB10081F17A /* LaunchScreen.storyboard in Resources */ = {isa = PBXBuildFile; fileRef = 5CAD1F0221F02BB10081F17A /* LaunchScreen.storyboard */; };
		5CAD1F0721F02BB10081F17A /* main.m in Sources */ = {isa = PBXBuildFile; fileRef = 5CAD1F0621F02BB10081F17A /* main.m */; };
		5CAD1F1121F02BB10081F17A /* CalculatorTests.m in Sources */ = {isa = PBXBuildFile; fileRef = 5CAD1F1021F02BB10081F17A /* CalculatorTests.m */; };
		5CAD1F1C21F02BB10081F17A /* CalculatorUITests.m in Sources */ = {isa = PBXBuildFile; fileRef = 5CAD1F1B21F02BB10081F17A /* CalculatorUITests.m */; };
/* End PBXBuildFile section */

/* Begin PBXContainerItemProxy section */
		5CAD1F0D21F02BB10081F17A /* PBXContainerItemProxy */ = {
			isa = PBXContainerItemProxy;
			containerPortal = 5CAD1EEC21F02BB10081F17A /* Project object */;
			proxyType = 1;
			remoteGlobalIDString = 5CAD1EF321F02BB10081F17A;
			remoteInfo = Calculator;
		};
		5CAD1F1821F02BB10081F17A /* PBXContainerItemProxy */ = {
			isa = PBXContainerItemProxy;
			containerPortal = 5CAD1EEC21F02BB10081F17A /* Project object */;
			proxyType = 1;
			remoteGlobalIDString = 5CAD1EF321F02BB10081F17A;
			remoteInfo = Calculator;
		};
/* End PBXContainerItemProxy section */

/* Begin PBXFileReference section */
		5CAD1EF421F02BB10081F17A /* Calculator.app */ = {isa = PBXFileReference; explicitFileType = wrapper.application; includeInIndex = 0; path = Calculator.app; sourceTree = BUILT_PRODUCTS_DIR; };
		5CAD1EF721F02BB10081F17A /* AppDelegate.h */ = {isa = PBXFileReference; lastKnownFileType = sourcecode.c.h; path = AppDelegate.h; sourceTree = "<group>"; };
		5CAD1EF821F02BB10081F17A /* AppDelegate.m */ = {isa = PBXFileReference; lastKnownFileType = sourcecode.c.objc; path = AppDelegate.m; sourceTree = "<group>"; };
		5CAD1EFA21F02BB10081F17A /* ViewController.h */ = {isa = PBXFileReference; lastKnownFileType = sourcecode.c.h; path = ViewController.h; sourceTree = "<group>"; };
		5CAD1EFB21F02BB10081F17A /* ViewController.m */ = {isa = PBXFileReference; lastKnownFileType = sourcecode.c.objc; path = ViewController.m; sourceTree = "<group>"; };
		5CAD1EFE21F02BB10081F17A /* Base */ = {isa = PBXFileReference; lastKnownFileType = file.storyboard; name = Base; path = Base.lproj/Main.storyboard; sourceTree = "<group>"; };
		5CAD1F0021F02BB10081F17A /* Assets.xcassets */ = {isa = PBXFileReference; lastKnownFileType = folder.assetcatalog; path = Assets.xcassets; sourceTree = "<group>"; };
		5CAD1F0321F02BB10081F17A /* Base */ = {isa = PBXFileReference; lastKnownFileType = file.storyboard; name = Base; path = Base.lproj/LaunchScreen.storyboard; sourceTree = "<group>"; };
		5CAD1F0521F02BB10081F17A /* Info.plist */ = {isa = PBXFileReference; lastKnownFileType = text.plist.xml; path = Info.plist; sourceTree = "<group>"; };
		5CAD1F0621F02BB10081F17A /* main.m */ = {isa = PBXFileReference; lastKnownFileType = sourcecode.c.objc; path = main.m; sourceTree = "<group>"; };
		5CAD1F0C21F02BB10081F17A /* CalculatorTests.xctest */ = {isa = PBXFileReference; explicitFileType = wrapper.cfbundle; includeInIndex = 0; path = CalculatorTests.xctest; sourceTree = BUILT_PRODUCTS_DIR; };
		5CAD1F1021F02BB10081F17A /* CalculatorTests.m */ = {isa = PBXFileReference; lastKnownFileType = sourcecode.c.objc; path = CalculatorTests.m; sourceTree = "<group>"; };
		5CAD1F1221F02BB10081F17A /* Info.plist */ = {isa = PBXFileReference; lastKnownFileType = text.plist.xml; path = Info.plist; sourceTree = "<group>"; };
		5CAD1F1721F02BB10081F17A /* CalculatorUITests.xctest */ = {isa = PBXFileReference; explicitFileType = wrapper.cfbundle; includeInIndex = 0; path = CalculatorUITests.xctest; sourceTree = BUILT_PRODUCTS_DIR; };
		5CAD1F1B21F02BB10081F17A /* CalculatorUITests.m */ = {isa = PBXFileReference; lastKnownFileType = sourcecode.c.objc; path = CalculatorUITests.m; sourceTree = "<group>"; };
		5CAD1F1D21F02BB10081F17A /* Info.plist */ = {isa = PBXFileReference; lastKnownFileType = text.plist.xml; path = Info.plist; sourceTree = "<group>"; };
/* End PBXFileReference section */

/* Begin PBXFrameworksBuildPhase section */
		5CAD1EF121F02BB10081F17A /* Frameworks */ = {
			isa = PBXFrameworksBuildPhase;
			buildActionMask = 2147483647;
			files = (
			);
			runOnlyForDeploymentPostprocessing = 0;
		};
		5CAD1F0921F02BB10081F17A /* Frameworks */ = {
			isa = PBXFrameworksBuildPhase;
			buildActionMask = 2147483647;
			files = (
			);
			runOnlyForDeploymentPostprocessing = 0;
		};
		5CAD1F1421F02BB10081F17A /* Frameworks */ = {
			isa = PBXFrameworksBuildPhase;
			buildActionMask = 2147483647;
			files = (
			);
			runOnlyForDeploymentPostprocessing = 0;
		};
/* End PBXFrameworksBuildPhase section */

/* Begin PBXGroup section */
		5CAD1EEB21F02BB10081F17A = {
			isa = PBXGroup;
			children = (
				5CAD1EF621F02BB10081F17A /* Calculator */,
				5CAD1F0F21F02BB10081F17A /* CalculatorTests */,
				5CAD1F1A21F02BB10081F17A /* CalculatorUITests */,
				5CAD1EF521F02BB10081F17A /* Products */,
			);
			sourceTree = "<group>";
		};
		5CAD1EF521F02BB10081F17A /* Products */ = {
			isa = PBXGroup;
			children = (
				5CAD1EF421F02BB10081F17A /* Calculator.app */,
				5CAD1F0C21F02BB10081F17A /* CalculatorTests.xctest */,
				5CAD1F1721F02BB10081F17A /* CalculatorUITests.xctest */,
			);
			name = Products;
			sourceTree = "<group>";
		};
		5CAD1EF621F02BB10081F17A /* Calculator */ = {
			isa = PBXGroup;
			children = (
				5CAD1EF721F02BB10081F17A /* AppDelegate.h */,
				5CAD1EF821F02BB10081F17A /* AppDelegate.m */,
				5CAD1EFA21F02BB10081F17A /* ViewController.h */,
				5CAD1EFB21F02BB10081F17A /* ViewController.m */,
				5CAD1EFD21F02BB10081F17A /* Main.storyboard */,
				5CAD1F0021F02BB10081F17A /* Assets.xcassets */,
				5CAD1F0221F02BB10081F17A /* LaunchScreen.storyboard */,
				5CAD1F0521F02BB10081F17A /* Info.plist */,
				5CAD1F0621F02BB10081F17A /* main.m */,
			);
			path = Calculator;
			sourceTree = "<group>";
		};
		5CAD1F0F21F02BB10081F17A /* CalculatorTests */ = {
			isa = PBXGroup;
			children = (
				5CAD1F1021F02BB10081F17A /* CalculatorTests.m */,
				5CAD1F1221F02BB10081F17A /* Info.plist */,
			);
			path = CalculatorTests;
			sourceTree = "<group>";
		};
		5CAD1F1A21F02BB10081F17A /* CalculatorUITests */ = {
			isa = PBXGroup;
			children = (
				5CAD1F1B21F02BB10081F17A /* CalculatorUITests.m */,
				5CAD1F1D21F02BB10081F17A /* Info.plist */,
			);
			path = CalculatorUITests;
			sourceTree = "<group>";
		};
/* End PBXGroup section */

/* Begin PBXNativeTarget section */
		5CAD1EF321F02BB10081F17A /* Calculator */ = {
			isa = PBXNativeTarget;
			buildConfigurationList = 5CAD1F2021F02BB10081F17A /* Build configuration list for PBXNativeTarget "Calculator" */;
			buildPhases = (
				5CAD1EF021F02BB10081F17A /* Sources */,
				5CAD1EF121F02BB10081F17A /* Frameworks */,
				5CAD1EF221F02BB10081F17A /* Resources */,
			);
			buildRules = (
			);
			dependencies = (
			);
			name = Calculator;
			productName = Calculator;
			productReference = 5CAD1EF421F02BB10081F17A /* Calculator.app */;
			productType = "com.apple.product-type.application";
		};
		5CAD1F0B21F02BB10081F17A /* CalculatorTests */ = {
			isa = PBXNativeTarget;
			buildConfigurationList = 5CAD1F2321F02BB10081F17A /* Build configuration list for PBXNativeTarget "CalculatorTests" */;
			buildPhases = (
				5CAD1F0821F02BB10081F17A /* Sources */,
				5CAD1F0921F02BB10081F17A /* Frameworks */,
				5CAD1F0A21F02BB10081F17A /* Resources */,
			);
			buildRules = (
			);
			dependencies = (
				5CAD1F0E21F02BB10081F17A /* PBXTargetDependency */,
			);
			name = CalculatorTests;
			productName = CalculatorTests;
			productReference = 5CAD1F0C21F02BB10081F17A /* CalculatorTests.xctest */;
			productType = "com.apple.product-type.bundle.unit-test";
		};
		5CAD1F1621F02BB10081F17A /* CalculatorUITests */ = {
			isa = PBXNativeTarget;
			buildConfigurationList = 5CAD1F2621F02BB10081F17A /* Build configuration list for PBXNativeTarget "CalculatorUITests" */;
			buildPhases = (
				5CAD1F1321F02BB10081F17A /* Sources */,
				5CAD1F1421F02BB10081F17A /* Frameworks */,
				5CAD1F1521F02BB10081F17A /* Resources */,
			);
			buildRules = (
			);
			dependencies = (
				5CAD1F1921F02BB10081F17A /* PBXTargetDependency */,
			);
			name = CalculatorUITests;
			productName = CalculatorUITests;
			productReference = 5CAD1F1721F02BB10081F17A /* CalculatorUITests.xctest */;
			productType = "com.apple.product-type.bundle.ui-testing";
		};
/* End PBXNativeTarget section */

/* Begin PBXProject section */
		5CAD1EEC21F02BB10081F17A /* Project object */ = {
			isa = PBXProject;
			attributes = {
				LastUpgradeCheck = 1010;
				ORGANIZATIONNAME = "Tsihsin Lee";
				TargetAttributes = {
					5CAD1EF321F02BB10081F17A = {
						CreatedOnToolsVersion = 10.1;
					};
					5CAD1F0B21F02BB10081F17A = {
						CreatedOnToolsVersion = 10.1;
						TestTargetID = 5CAD1EF321F02BB10081F17A;
					};
					5CAD1F1621F02BB10081F17A = {
						CreatedOnToolsVersion = 10.1;
						TestTargetID = 5CAD1EF321F02BB10081F17A;
					};
				};
			};
			buildConfigurationList = 5CAD1EEF21F02BB10081F17A /* Build configuration list for PBXProject "Calculator" */;
			compatibilityVersion = "Xcode 9.3";
			developmentRegion = en;
			hasScannedForEncodings = 0;
			knownRegions = (
				en,
				Base,
			);
			mainGroup = 5CAD1EEB21F02BB10081F17A;
			productRefGroup = 5CAD1EF521F02BB10081F17A /* Products */;
			projectDirPath = "";
			projectRoot = "";
			targets = (
				5CAD1EF321F02BB10081F17A /* Calculator */,
				5CAD1F0B21F02BB10081F17A /* CalculatorTests */,
				5CAD1F1621F02BB10081F17A /* CalculatorUITests */,
			);
		};
/* End PBXProject section */

/* Begin PBXResourcesBuildPhase section */
		5CAD1EF221F02BB10081F17A /* Resources */ = {
			isa = PBXResourcesBuildPhase;
			buildActionMask = 2147483647;
			files = (
				5CAD1F0421F02BB10081F17A /* LaunchScreen.storyboard in Resources */,
				5CAD1F0121F02BB10081F17A /* Assets.xcassets in Resources */,
				5CAD1EFF21F02BB10081F17A /* Main.storyboard in Resources */,
			);
			runOnlyForDeploymentPostprocessing = 0;
		};
		5CAD1F0A21F02BB10081F17A /* Resources */ = {
			isa = PBXResourcesBuildPhase;
			buildActionMask = 2147483647;
			files = (
			);
			runOnlyForDeploymentPostprocessing = 0;
		};
		5CAD1F1521F02BB10081F17A /* Resources */ = {
			isa = PBXResourcesBuildPhase;
			buildActionMask = 2147483647;
			files = (
			);
			runOnlyForDeploymentPostprocessing = 0;
		};
/* End PBXResourcesBuildPhase section */

/* Begin PBXSourcesBuildPhase section */
		5CAD1EF021F02BB10081F17A /* Sources */ = {
			isa = PBXSourcesBuildPhase;
			buildActionMask = 2147483647;
			files = (
				5CAD1EFC21F02BB10081F17A /* ViewController.m in Sources */,
				5CAD1F0721F02BB10081F17A /* main.m in Sources */,
				5CAD1EF921F02BB10081F17A /* AppDelegate.m in Sources */,
			);
			runOnlyForDeploymentPostprocessing = 0;
		};
		5CAD1F0821F02BB10081F17A /* Sources */ = {
			isa = PBXSourcesBuildPhase;
			buildActionMask = 2147483647;
			files = (
				5CAD1F1121F02BB10081F17A /* CalculatorTests.m in Sources */,
			);
			runOnlyForDeploymentPostprocessing = 0;
		};
		5CAD1F1321F02BB10081F17A /* Sources */ = {
			isa = PBXSourcesBuildPhase;
			buildActionMask = 2147483647;
			files = (
				5CAD1F1C21F02BB10081F17A /* CalculatorUITests.m in Sources */,
			);
			runOnlyForDeploymentPostprocessing = 0;
		};
/* End PBXSourcesBuildPhase section */

/* Begin PBXTargetDependency section */
		5CAD1F0E21F02BB10081F17A /* PBXTargetDependency */ = {
			isa = PBXTargetDependency;
			target = 5CAD1EF321F02BB10081F17A /* Calculator */;
			targetProxy = 5CAD1F0D21F02BB10081F17A /* PBXContainerItemProxy */;
		};
		5CAD1F1921F02BB10081F17A /* PBXTargetDependency */ = {
			isa = PBXTargetDependency;
			target = 5CAD1EF321F02BB10081F17A /* Calculator */;
			targetProxy = 5CAD1F1821F02BB10081F17A /* PBXContainerItemProxy */;
		};
/* End PBXTargetDependency section */

/* Begin PBXVariantGroup section */
		5CAD1EFD21F02BB10081F17A /* Main.storyboard */ = {
			isa = PBXVariantGroup;
			children = (
				5CAD1EFE21F02BB10081F17A /* Base */,
			);
			name = Main.storyboard;
			sourceTree = "<group>";
		};
		5CAD1F0221F02BB10081F17A /* LaunchScreen.storyboard */ = {
			isa = PBXVariantGroup;
			children = (
				5CAD1F0321F02BB10081F17A /* Base */,
			);
			name = LaunchScreen.storyboard;
			sourceTree = "<group>";
		};
/* End PBXVariantGroup section */

/* Begin XCBuildConfiguration section */
		5CAD1F1E21F02BB10081F17A /* Debug */ = {
			isa = XCBuildConfiguration;
			buildSettings = {
				ALWAYS_SEARCH_USER_PATHS = NO;
				CLANG_ANALYZER_NONNULL = YES;
				CLANG_ANALYZER_NUMBER_OBJECT_CONVERSION = YES_AGGRESSIVE;
				CLANG_CXX_LANGUAGE_STANDARD = "gnu++14";
				CLANG_CXX_LIBRARY = "libc++";
				CLANG_ENABLE_MODULES = YES;
				CLANG_ENABLE_OBJC_ARC = YES;
				CLANG_ENABLE_OBJC_WEAK = YES;
				CLANG_WARN_BLOCK_CAPTURE_AUTORELEASING = YES;
				CLANG_WARN_BOOL_CONVERSION = YES;
				CLANG_WARN_COMMA = YES;
				CLANG_WARN_CONSTANT_CONVERSION = YES;
				CLANG_WARN_DEPRECATED_OBJC_IMPLEMENTATIONS = YES;
				CLANG_WARN_DIRECT_OBJC_ISA_USAGE = YES_ERROR;
				CLANG_WARN_DOCUMENTATION_COMMENTS = YES;
				CLANG_WARN_EMPTY_BODY = YES;
				CLANG_WARN_ENUM_CONVERSION = YES;
				CLANG_WARN_INFINITE_RECURSION = YES;
				CLANG_WARN_INT_CONVERSION = YES;
				CLANG_WARN_NON_LITERAL_NULL_CONVERSION = YES;
				CLANG_WARN_OBJC_IMPLICIT_RETAIN_SELF = YES;
				CLANG_WARN_OBJC_LITERAL_CONVERSION = YES;
				CLANG_WARN_OBJC_ROOT_CLASS = YES_ERROR;
				CLANG_WARN_RANGE_LOOP_ANALYSIS = YES;
				CLANG_WARN_STRICT_PROTOTYPES = YES;
				CLANG_WARN_SUSPICIOUS_MOVE = YES;
				CLANG_WARN_UNGUARDED_AVAILABILITY = YES_AGGRESSIVE;
				CLANG_WARN_UNREACHABLE_CODE = YES;
				CLANG_WARN__DUPLICATE_METHOD_MATCH = YES;
				CODE_SIGN_IDENTITY = "iPhone Developer";
				COPY_PHASE_STRIP = NO;
				DEBUG_INFORMATION_FORMAT = dwarf;
				ENABLE_STRICT_OBJC_MSGSEND = YES;
				ENABLE_TESTABILITY = YES;
				GCC_C_LANGUAGE_STANDARD = gnu11;
				GCC_DYNAMIC_NO_PIC = NO;
				GCC_NO_COMMON_BLOCKS = YES;
				GCC_OPTIMIZATION_LEVEL = 0;
				GCC_PREPROCESSOR_DEFINITIONS = (
					"DEBUG=1",
					"$(inherited)",
				);
				GCC_WARN_64_TO_32_BIT_CONVERSION = YES;
				GCC_WARN_ABOUT_RETURN_TYPE = YES_ERROR;
				GCC_WARN_UNDECLARED_SELECTOR = YES;
				GCC_WARN_UNINITIALIZED_AUTOS = YES_AGGRESSIVE;
				GCC_WARN_UNUSED_FUNCTION = YES;
				GCC_WARN_UNUSED_VARIABLE = YES;
				IPHONEOS_DEPLOYMENT_TARGET = 12.1;
				MTL_ENABLE_DEBUG_INFO = INCLUDE_SOURCE;
				MTL_FAST_MATH = YES;
				ONLY_ACTIVE_ARCH = YES;
				SDKROOT = iphoneos;
			};
			name = Debug;
		};
		5CAD1F1F21F02BB10081F17A /* Release */ = {
			isa = XCBuildConfiguration;
			buildSettings = {
				ALWAYS_SEARCH_USER_PATHS = NO;
				CLANG_ANALYZER_NONNULL = YES;
				CLANG_ANALYZER_NUMBER_OBJECT_CONVERSION = YES_AGGRESSIVE;
				CLANG_CXX_LANGUAGE_STANDARD = "gnu++14";
				CLANG_CXX_LIBRARY = "libc++";
				CLANG_ENABLE_MODULES = YES;
				CLANG_ENABLE_OBJC_ARC = YES;
				CLANG_ENABLE_OBJC_WEAK = YES;
				CLANG_WARN_BLOCK_CAPTURE_AUTORELEASING = YES;
				CLANG_WARN_BOOL_CONVERSION = YES;
				CLANG_WARN_COMMA = YES;
				CLANG_WARN_CONSTANT_CONVERSION = YES;
				CLANG_WARN_DEPRECATED_OBJC_IMPLEMENTATIONS = YES;
				CLANG_WARN_DIRECT_OBJC_ISA_USAGE = YES_ERROR;
				CLANG_WARN_DOCUMENTATION_COMMENTS = YES;
				CLANG_WARN_EMPTY_BODY = YES;
				CLANG_WARN_ENUM_CONVERSION = YES;
				CLANG_WARN_INFINITE_RECURSION = YES;
				CLANG_WARN_INT_CONVERSION = YES;
				CLANG_WARN_NON_LITERAL_NULL_CONVERSION = YES;
				CLANG_WARN_OBJC_IMPLICIT_RETAIN_SELF = YES;
				CLANG_WARN_OBJC_LITERAL_CONVERSION = YES;
				CLANG_WARN_OBJC_ROOT_CLASS = YES_ERROR;
				CLANG_WARN_RANGE_LOOP_ANALYSIS = YES;
				CLANG_WARN_STRICT_PROTOTYPES = YES;
				CLANG_WARN_SUSPICIOUS_MOVE = YES;
				CLANG_WARN_UNGUARDED_AVAILABILITY = YES_AGGRESSIVE;
				CLANG_WARN_UNREACHABLE_CODE = YES;
				CLANG_WARN__DUPLICATE_METHOD_MATCH = YES;
				CODE_SIGN_IDENTITY = "iPhone Developer";
				COPY_PHASE_STRIP = NO;
				DEBUG_INFORMATION_FORMAT = "dwarf-with-dsym";
				ENABLE_NS_ASSERTIONS = NO;
				ENABLE_STRICT_OBJC_MSGSEND = YES;
				GCC_C_LANGUAGE_STANDARD = gnu11;
				GCC_NO_COMMON_BLOCKS = YES;
				GCC_WARN_64_TO_32_BIT_CONVERSION = YES;
				GCC_WARN_ABOUT_RETURN_TYPE = YES_ERROR;
				GCC_WARN_UNDECLARED_SELECTOR = YES;
				GCC_WARN_UNINITIALIZED_AUTOS = YES_AGGRESSIVE;
				GCC_WARN_UNUSED_FUNCTION = YES;
				GCC_WARN_UNUSED_VARIABLE = YES;
				IPHONEOS_DEPLOYMENT_TARGET = 12.1;
				MTL_ENABLE_DEBUG_INFO = NO;
				MTL_FAST_MATH = YES;
				SDKROOT = iphoneos;
				VALIDATE_PRODUCT = YES;
			};
			name = Release;
		};
		5CAD1F2121F02BB10081F17A /* Debug */ = {
			isa = XCBuildConfiguration;
			buildSettings = {
				ASSETCATALOG_COMPILER_APPICON_NAME = AppIcon;
				CODE_SIGN_STYLE = Automatic;
				INFOPLIST_FILE = Calculator/Info.plist;
				LD_RUNPATH_SEARCH_PATHS = (
					"$(inherited)",
					"@executable_path/Frameworks",
				);
				PRODUCT_BUNDLE_IDENTIFIER = "Tsihsin-Lee.Calculator";
				PRODUCT_NAME = "$(TARGET_NAME)";
				TARGETED_DEVICE_FAMILY = "1,2";
			};
			name = Debug;
		};
		5CAD1F2221F02BB10081F17A /* Release */ = {
			isa = XCBuildConfiguration;
			buildSettings = {
				ASSETCATALOG_COMPILER_APPICON_NAME = AppIcon;
				CODE_SIGN_STYLE = Automatic;
				INFOPLIST_FILE = Calculator/Info.plist;
				LD_RUNPATH_SEARCH_PATHS = (
					"$(inherited)",
					"@executable_path/Frameworks",
				);
				PRODUCT_BUNDLE_IDENTIFIER = "Tsihsin-Lee.Calculator";
				PRODUCT_NAME = "$(TARGET_NAME)";
				TARGETED_DEVICE_FAMILY = "1,2";
			};
			name = Release;
		};
		5CAD1F2421F02BB10081F17A /* Debug */ = {
			isa = XCBuildConfiguration;
			buildSettings = {
				BUNDLE_LOADER = "$(TEST_HOST)";
				CODE_SIGN_STYLE = Automatic;
				INFOPLIST_FILE = CalculatorTests/Info.plist;
				LD_RUNPATH_SEARCH_PATHS = (
					"$(inherited)",
					"@executable_path/Frameworks",
					"@loader_path/Frameworks",
				);
				PRODUCT_BUNDLE_IDENTIFIER = "Tsihsin-Lee.CalculatorTests";
				PRODUCT_NAME = "$(TARGET_NAME)";
				TARGETED_DEVICE_FAMILY = "1,2";
				TEST_HOST = "$(BUILT_PRODUCTS_DIR)/Calculator.app/Calculator";
			};
			name = Debug;
		};
		5CAD1F2521F02BB10081F17A /* Release */ = {
			isa = XCBuildConfiguration;
			buildSettings = {
				BUNDLE_LOADER = "$(TEST_HOST)";
				CODE_SIGN_STYLE = Automatic;
				INFOPLIST_FILE = CalculatorTests/Info.plist;
				LD_RUNPATH_SEARCH_PATHS = (
					"$(inherited)",
					"@executable_path/Frameworks",
					"@loader_path/Frameworks",
				);
				PRODUCT_BUNDLE_IDENTIFIER = "Tsihsin-Lee.CalculatorTests";
				PRODUCT_NAME = "$(TARGET_NAME)";
				TARGETED_DEVICE_FAMILY = "1,2";
				TEST_HOST = "$(BUILT_PRODUCTS_DIR)/Calculator.app/Calculator";
			};
			name = Release;
		};
		5CAD1F2721F02BB10081F17A /* Debug */ = {
			isa = XCBuildConfiguration;
			buildSettings = {
				CODE_SIGN_STYLE = Automatic;
				INFOPLIST_FILE = CalculatorUITests/Info.plist;
				LD_RUNPATH_SEARCH_PATHS = (
					"$(inherited)",
					"@executable_path/Frameworks",
					"@loader_path/Frameworks",
				);
				PRODUCT_BUNDLE_IDENTIFIER = "Tsihsin-Lee.CalculatorUITests";
				PRODUCT_NAME = "$(TARGET_NAME)";
				TARGETED_DEVICE_FAMILY = "1,2";
				TEST_TARGET_NAME = Calculator;
			};
			name = Debug;
		};
		5CAD1F2821F02BB10081F17A /* Release */ = {
			isa = XCBuildConfiguration;
			buildSettings = {
				CODE_SIGN_STYLE = Automatic;
				INFOPLIST_FILE = CalculatorUITests/Info.plist;
				LD_RUNPATH_SEARCH_PATHS = (
					"$(inherited)",
					"@executable_path/Frameworks",
					"@loader_path/Frameworks",
				);
				PRODUCT_BUNDLE_IDENTIFIER = "Tsihsin-Lee.CalculatorUITests";
				PRODUCT_NAME = "$(TARGET_NAME)";
				TARGETED_DEVICE_FAMILY = "1,2";
				TEST_TARGET_NAME = Calculator;
			};
			name = Release;
		};
/* End XCBuildConfiguration section */

/* Begin XCConfigurationList section */
		5CAD1EEF21F02BB10081F17A /* Build configuration list for PBXProject "Calculator" */ = {
			isa = XCConfigurationList;
			buildConfigurations = (
				5CAD1F1E21F02BB10081F17A /* Debug */,
				5CAD1F1F21F02BB10081F17A /* Release */,
			);
			defaultConfigurationIsVisible = 0;
			defaultConfigurationName = Release;
		};
		5CAD1F2021F02BB10081F17A /* Build configuration list for PBXNativeTarget "Calculator" */ = {
			isa = XCConfigurationList;
			buildConfigurations = (
				5CAD1F2121F02BB10081F17A /* Debug */,
				5CAD1F2221F02BB10081F17A /* Release */,
			);
			defaultConfigurationIsVisible = 0;
			defaultConfigurationName = Release;
		};
		5CAD1F2321F02BB10081F17A /* Build configuration list for PBXNativeTarget "CalculatorTests" */ = {
			isa = XCConfigurationList;
			buildConfigurations = (
				5CAD1F2421F02BB10081F17A /* Debug */,
				5CAD1F2521F02BB10081F17A /* Release */,
			);
			defaultConfigurationIsVisible = 0;
			defaultConfigurationName = Release;
		};
		5CAD1F2621F02BB10081F17A /* Build configuration list for PBXNativeTarget "CalculatorUITests" */ = {
			isa = XCConfigurationList;
			buildConfigurations = (
				5CAD1F2721F02BB10081F17A /* Debug */,
				5CAD1F2821F02BB10081F17A /* Release */,
			);
			defaultConfigurationIsVisible = 0;
			defaultConfigurationName = Release;
		};
/* End XCConfigurationList section */
	};
	rootObject = 5CAD1EEC21F02BB10081F17A /* Project object */;
}
